{
  "object": {
    "pins": [
      {
        "package": "SilentAuthSDK",
        "repositoryURL": "https://github.com/silentauth/silentauth-sdk-ios.git",
        "state": {
          "branch": null,
          "revision": "d5b70f8ef7911b649eafedfbc8b1428b111e8a17",
          "version": "1.0.7"
        }
      }
    ]
  },
  "version": 1
}
