{
  "object": {
    "pins": [
      {
        "package": "SilentAuthSDK",
        "repositoryURL": "https://github.com/silentauth/silentauth-sdk-ios.git",
        "state": {
          "branch": null,
          "revision": "8bf3b1479d83622ae7a567074a09683ce4fbe287",
          "version": "1.0.5"
        }
      }
    ]
  },
  "version": 1
}
